# This file is automatically @generated by Poetry 2.3.3 and should not be changed by hand.

[[package]]
name = "typedsigrokdecode"
version = "0.6.0.20260403"
description = "Typed wrapper of libsigrokdecode"
optional = false
python-versions = ">=3.8"
groups = ["main"]
files = []
develop = false

[package.source]
type = "git"
url = "https://github.com/dogtopus/typedsigrokdecode.git"
reference = "HEAD"
resolved_reference = "8bdcf16acb3d94297eeff6b1d81f636e6b0ff8ac"

[metadata]
lock-version = "2.1"
python-versions = ">=3.14"
content-hash = "d0152549a4bdba9ef0bd7ea299d19831992b312d6212634043de1c1a7433c913"
